
Microsoft Visual Studio Solution File, Format Version 12.00
# Visual Studio Version 17
VisualStudioVersion = 17.10.35013.160
MinimumVisualStudioVersion = 10.0.40219.1
Project("{2150E333-8FDC-42A3-9474-1A3956D46DE8}") = "TryRx", "TryRx", "{41DBB3D1-734F-45CD-BFB4-CF486D6E88B7}"
EndProject
Project("{9A19103F-16F7-4668-BE54-9A1E7A4F7556}") = "TryRx", "TryRx\TryRx.csproj", "{767B654F-5C7E-41CC-8ABE-8014C2DE73C9}"
EndProject
Global
	GlobalSection(SolutionConfigurationPlatforms) = preSolution
		Debug|Any CPU = Debug|Any CPU
		Release|Any CPU = Release|Any CPU
	EndGlobalSection
	GlobalSection(ProjectConfigurationPlatforms) = postSolution
		{767B654F-5C7E-41CC-8ABE-8014C2DE73C9}.Debug|Any CPU.ActiveCfg = Debug|Any CPU
		{767B654F-5C7E-41CC-8ABE-8014C2DE73C9}.Debug|Any CPU.Build.0 = Debug|Any CPU
		{767B654F-5C7E-41CC-8ABE-8014C2DE73C9}.Release|Any CPU.ActiveCfg = Release|Any CPU
		{767B654F-5C7E-41CC-8ABE-8014C2DE73C9}.Release|Any CPU.Build.0 = Release|Any CPU
	EndGlobalSection
	GlobalSection(SolutionProperties) = preSolution
		HideSolutionNode = FALSE
	EndGlobalSection
	GlobalSection(NestedProjects) = preSolution
		{767B654F-5C7E-41CC-8ABE-8014C2DE73C9} = {41DBB3D1-734F-45CD-BFB4-CF486D6E88B7}
	EndGlobalSection
	GlobalSection(ExtensibilityGlobals) = postSolution
		SolutionGuid = {0550ED57-2FDE-42B0-B486-ACA6B8B47EE8}
	EndGlobalSection
EndGlobal
